
Microsoft Visual Studio Solution File, Format Version 12.00
# Visual Studio Version 17
VisualStudioVersion = 17.6.33829.357
MinimumVisualStudioVersion = 10.0.40219.1
Project("{9A19103F-16F7-4668-BE54-9A1E7A4F7556}") = "ExempleCommand", "ExempleCommand\ExempleCommand.csproj", "{D02496D2-8E1C-48EB-8CF2-D01410090C5E}"
EndProject
Project("{FAE04EC0-301F-11D3-BF4B-00C04F79EFBC}") = "TestUnitaires", "TestUnitaires\TestUnitaires.csproj", "{276A504E-6C3F-409E-83CB-53ADFED776A1}"
EndProject
Project("{FAE04EC0-301F-11D3-BF4B-00C04F79EFBC}") = "ExemplePatternCommand", "ExemplePatternCommand\ExemplePatternCommand.csproj", "{D472F7DE-9E5A-4056-A00F-211CF7789BED}"
EndProject
Project("{FAE04EC0-301F-11D3-BF4B-00C04F79EFBC}") = "UserControlLibrary", "UserControlLibrary\UserControlLibrary.csproj", "{065E3ADA-58A2-411D-9B31-D85322571DF2}"
EndProject
Global
	GlobalSection(SolutionConfigurationPlatforms) = preSolution
		Debug|Any CPU = Debug|Any CPU
		Release|Any CPU = Release|Any CPU
	EndGlobalSection
	GlobalSection(ProjectConfigurationPlatforms) = postSolution
		{D02496D2-8E1C-48EB-8CF2-D01410090C5E}.Debug|Any CPU.ActiveCfg = Debug|Any CPU
		{D02496D2-8E1C-48EB-8CF2-D01410090C5E}.Debug|Any CPU.Build.0 = Debug|Any CPU
		{D02496D2-8E1C-48EB-8CF2-D01410090C5E}.Release|Any CPU.ActiveCfg = Release|Any CPU
		{D02496D2-8E1C-48EB-8CF2-D01410090C5E}.Release|Any CPU.Build.0 = Release|Any CPU
		{276A504E-6C3F-409E-83CB-53ADFED776A1}.Debug|Any CPU.ActiveCfg = Debug|Any CPU
		{276A504E-6C3F-409E-83CB-53ADFED776A1}.Debug|Any CPU.Build.0 = Debug|Any CPU
		{276A504E-6C3F-409E-83CB-53ADFED776A1}.Release|Any CPU.ActiveCfg = Release|Any CPU
		{276A504E-6C3F-409E-83CB-53ADFED776A1}.Release|Any CPU.Build.0 = Release|Any CPU
		{D472F7DE-9E5A-4056-A00F-211CF7789BED}.Debug|Any CPU.ActiveCfg = Debug|Any CPU
		{D472F7DE-9E5A-4056-A00F-211CF7789BED}.Debug|Any CPU.Build.0 = Debug|Any CPU
		{D472F7DE-9E5A-4056-A00F-211CF7789BED}.Release|Any CPU.ActiveCfg = Release|Any CPU
		{D472F7DE-9E5A-4056-A00F-211CF7789BED}.Release|Any CPU.Build.0 = Release|Any CPU
		{065E3ADA-58A2-411D-9B31-D85322571DF2}.Debug|Any CPU.ActiveCfg = Debug|Any CPU
		{065E3ADA-58A2-411D-9B31-D85322571DF2}.Debug|Any CPU.Build.0 = Debug|Any CPU
		{065E3ADA-58A2-411D-9B31-D85322571DF2}.Release|Any CPU.ActiveCfg = Release|Any CPU
		{065E3ADA-58A2-411D-9B31-D85322571DF2}.Release|Any CPU.Build.0 = Release|Any CPU
	EndGlobalSection
	GlobalSection(SolutionProperties) = preSolution
		HideSolutionNode = FALSE
	EndGlobalSection
	GlobalSection(ExtensibilityGlobals) = postSolution
		SolutionGuid = {40E45154-D813-4E41-8C91-E4233FC13AF7}
	EndGlobalSection
EndGlobal
