
Microsoft Visual Studio Solution File, Format Version 12.00
# Visual Studio Version 17
VisualStudioVersion = 17.6.33829.357
MinimumVisualStudioVersion = 10.0.40219.1
Project("{FAE04EC0-301F-11D3-BF4B-00C04F79EFBC}") = "ExempleMediateurPourThomas", "ExempleMediateurPourThomas\ExempleMediateurPourThomas.csproj", "{8172CE71-80DA-4B03-8B4E-C1F451FEA570}"
EndProject
Project("{FAE04EC0-301F-11D3-BF4B-00C04F79EFBC}") = "ExempleSalleDeClasse", "ExempleSalleDeClasse\ExempleSalleDeClasse.csproj", "{9B900D14-84D1-4867-B9BC-FE41C9E983C4}"
EndProject
Global
	GlobalSection(SolutionConfigurationPlatforms) = preSolution
		Debug|Any CPU = Debug|Any CPU
		Release|Any CPU = Release|Any CPU
	EndGlobalSection
	GlobalSection(ProjectConfigurationPlatforms) = postSolution
		{8172CE71-80DA-4B03-8B4E-C1F451FEA570}.Debug|Any CPU.ActiveCfg = Debug|Any CPU
		{8172CE71-80DA-4B03-8B4E-C1F451FEA570}.Debug|Any CPU.Build.0 = Debug|Any CPU
		{8172CE71-80DA-4B03-8B4E-C1F451FEA570}.Release|Any CPU.ActiveCfg = Release|Any CPU
		{8172CE71-80DA-4B03-8B4E-C1F451FEA570}.Release|Any CPU.Build.0 = Release|Any CPU
		{9B900D14-84D1-4867-B9BC-FE41C9E983C4}.Debug|Any CPU.ActiveCfg = Debug|Any CPU
		{9B900D14-84D1-4867-B9BC-FE41C9E983C4}.Debug|Any CPU.Build.0 = Debug|Any CPU
		{9B900D14-84D1-4867-B9BC-FE41C9E983C4}.Release|Any CPU.ActiveCfg = Release|Any CPU
		{9B900D14-84D1-4867-B9BC-FE41C9E983C4}.Release|Any CPU.Build.0 = Release|Any CPU
	EndGlobalSection
	GlobalSection(SolutionProperties) = preSolution
		HideSolutionNode = FALSE
	EndGlobalSection
	GlobalSection(ExtensibilityGlobals) = postSolution
		SolutionGuid = {AAB64FC0-5D11-4639-BC80-157813B18F32}
	EndGlobalSection
EndGlobal
