
Microsoft Visual Studio Solution File, Format Version 12.00
# Visual Studio Version 17
VisualStudioVersion = 17.3.32929.385
MinimumVisualStudioVersion = 10.0.40219.1
Project("{FAE04EC0-301F-11D3-BF4B-00C04F79EFBC}") = "WebApplicationCereals", "WebApplicationCereals\WebApplicationCereals.csproj", "{FA6A3D7A-158B-48DF-97AC-CBC2395B6AF2}"
EndProject
Global
	GlobalSection(SolutionConfigurationPlatforms) = preSolution
		Debug|Any CPU = Debug|Any CPU
		Release|Any CPU = Release|Any CPU
	EndGlobalSection
	GlobalSection(ProjectConfigurationPlatforms) = postSolution
		{FA6A3D7A-158B-48DF-97AC-CBC2395B6AF2}.Debug|Any CPU.ActiveCfg = Debug|Any CPU
		{FA6A3D7A-158B-48DF-97AC-CBC2395B6AF2}.Debug|Any CPU.Build.0 = Debug|Any CPU
		{FA6A3D7A-158B-48DF-97AC-CBC2395B6AF2}.Release|Any CPU.ActiveCfg = Release|Any CPU
		{FA6A3D7A-158B-48DF-97AC-CBC2395B6AF2}.Release|Any CPU.Build.0 = Release|Any CPU
	EndGlobalSection
	GlobalSection(SolutionProperties) = preSolution
		HideSolutionNode = FALSE
	EndGlobalSection
	GlobalSection(ExtensibilityGlobals) = postSolution
		SolutionGuid = {E073567E-6CF1-480A-A9CA-7EB7C4855045}
	EndGlobalSection
EndGlobal
