
Microsoft Visual Studio Solution File, Format Version 12.00
# Visual Studio Version 17
VisualStudioVersion = 17.6.33829.357
MinimumVisualStudioVersion = 10.0.40219.1
Project("{9A19103F-16F7-4668-BE54-9A1E7A4F7556}") = "AvecFacade", "AvecFacade\AvecFacade.csproj", "{A031D52A-EF45-4E61-9CCF-01B55CDBDE10}"
EndProject
Project("{FAE04EC0-301F-11D3-BF4B-00C04F79EFBC}") = "ClassesMetiers", "ClassesMetiers\ClassesMetiers.csproj", "{1E156F9B-A0B2-467F-B357-8F56891ECBAD}"
EndProject
Project("{FAE04EC0-301F-11D3-BF4B-00C04F79EFBC}") = "SansFacade", "SansFacade\SansFacade.csproj", "{8B3794BD-F887-497B-AF67-BC6ADF4831EE}"
EndProject
Global
	GlobalSection(SolutionConfigurationPlatforms) = preSolution
		Debug|Any CPU = Debug|Any CPU
		Release|Any CPU = Release|Any CPU
	EndGlobalSection
	GlobalSection(ProjectConfigurationPlatforms) = postSolution
		{A031D52A-EF45-4E61-9CCF-01B55CDBDE10}.Debug|Any CPU.ActiveCfg = Debug|Any CPU
		{A031D52A-EF45-4E61-9CCF-01B55CDBDE10}.Debug|Any CPU.Build.0 = Debug|Any CPU
		{A031D52A-EF45-4E61-9CCF-01B55CDBDE10}.Release|Any CPU.ActiveCfg = Release|Any CPU
		{A031D52A-EF45-4E61-9CCF-01B55CDBDE10}.Release|Any CPU.Build.0 = Release|Any CPU
		{1E156F9B-A0B2-467F-B357-8F56891ECBAD}.Debug|Any CPU.ActiveCfg = Debug|Any CPU
		{1E156F9B-A0B2-467F-B357-8F56891ECBAD}.Debug|Any CPU.Build.0 = Debug|Any CPU
		{1E156F9B-A0B2-467F-B357-8F56891ECBAD}.Release|Any CPU.ActiveCfg = Release|Any CPU
		{1E156F9B-A0B2-467F-B357-8F56891ECBAD}.Release|Any CPU.Build.0 = Release|Any CPU
		{8B3794BD-F887-497B-AF67-BC6ADF4831EE}.Debug|Any CPU.ActiveCfg = Debug|Any CPU
		{8B3794BD-F887-497B-AF67-BC6ADF4831EE}.Debug|Any CPU.Build.0 = Debug|Any CPU
		{8B3794BD-F887-497B-AF67-BC6ADF4831EE}.Release|Any CPU.ActiveCfg = Release|Any CPU
		{8B3794BD-F887-497B-AF67-BC6ADF4831EE}.Release|Any CPU.Build.0 = Release|Any CPU
	EndGlobalSection
	GlobalSection(SolutionProperties) = preSolution
		HideSolutionNode = FALSE
	EndGlobalSection
	GlobalSection(ExtensibilityGlobals) = postSolution
		SolutionGuid = {BDEF9513-78CC-4E20-9531-4FD69A677DF5}
	EndGlobalSection
EndGlobal
