
Microsoft Visual Studio Solution File, Format Version 12.00
# Visual Studio Version 17
VisualStudioVersion = 17.6.33829.357
MinimumVisualStudioVersion = 10.0.40219.1
Project("{9A19103F-16F7-4668-BE54-9A1E7A4F7556}") = "ClassLibraryProxy", "ClassLibraryProxy\ClassLibraryProxy.csproj", "{51207769-825E-4C3B-B88D-927EC46E40A0}"
EndProject
Project("{9A19103F-16F7-4668-BE54-9A1E7A4F7556}") = "ConsoleAppFichier", "ConsoleAppFichier\ConsoleAppFichier.csproj", "{0D8E06D1-50BC-4135-BEBF-9CDCBE1A54EC}"
EndProject
Global
	GlobalSection(SolutionConfigurationPlatforms) = preSolution
		Debug|Any CPU = Debug|Any CPU
		Release|Any CPU = Release|Any CPU
	EndGlobalSection
	GlobalSection(ProjectConfigurationPlatforms) = postSolution
		{51207769-825E-4C3B-B88D-927EC46E40A0}.Debug|Any CPU.ActiveCfg = Debug|Any CPU
		{51207769-825E-4C3B-B88D-927EC46E40A0}.Debug|Any CPU.Build.0 = Debug|Any CPU
		{51207769-825E-4C3B-B88D-927EC46E40A0}.Release|Any CPU.ActiveCfg = Release|Any CPU
		{51207769-825E-4C3B-B88D-927EC46E40A0}.Release|Any CPU.Build.0 = Release|Any CPU
		{0D8E06D1-50BC-4135-BEBF-9CDCBE1A54EC}.Debug|Any CPU.ActiveCfg = Debug|Any CPU
		{0D8E06D1-50BC-4135-BEBF-9CDCBE1A54EC}.Debug|Any CPU.Build.0 = Debug|Any CPU
		{0D8E06D1-50BC-4135-BEBF-9CDCBE1A54EC}.Release|Any CPU.ActiveCfg = Release|Any CPU
		{0D8E06D1-50BC-4135-BEBF-9CDCBE1A54EC}.Release|Any CPU.Build.0 = Release|Any CPU
	EndGlobalSection
	GlobalSection(SolutionProperties) = preSolution
		HideSolutionNode = FALSE
	EndGlobalSection
	GlobalSection(ExtensibilityGlobals) = postSolution
		SolutionGuid = {FF9B45F7-A21B-48C5-8425-F7B830BF4628}
	EndGlobalSection
EndGlobal
