
Microsoft Visual Studio Solution File, Format Version 12.00
# Visual Studio Version 17
VisualStudioVersion = 17.3.32929.385
MinimumVisualStudioVersion = 10.0.40219.1
Project("{FAE04EC0-301F-11D3-BF4B-00C04F79EFBC}") = "WinFormsAppCities", "WinFormsAppCities.csproj", "{6DBB11E8-963F-4C36-9908-C2877716DBCE}"
EndProject
Project("{FAE04EC0-301F-11D3-BF4B-00C04F79EFBC}") = "ClassLibraryCities", "..\ClassLibraryCities\ClassLibraryCities.csproj", "{8E4D14D0-4764-4656-94FB-E09A01200973}"
EndProject
Global
	GlobalSection(SolutionConfigurationPlatforms) = preSolution
		Debug|Any CPU = Debug|Any CPU
		Release|Any CPU = Release|Any CPU
	EndGlobalSection
	GlobalSection(ProjectConfigurationPlatforms) = postSolution
		{6DBB11E8-963F-4C36-9908-C2877716DBCE}.Debug|Any CPU.ActiveCfg = Debug|Any CPU
		{6DBB11E8-963F-4C36-9908-C2877716DBCE}.Debug|Any CPU.Build.0 = Debug|Any CPU
		{6DBB11E8-963F-4C36-9908-C2877716DBCE}.Release|Any CPU.ActiveCfg = Release|Any CPU
		{6DBB11E8-963F-4C36-9908-C2877716DBCE}.Release|Any CPU.Build.0 = Release|Any CPU
		{8E4D14D0-4764-4656-94FB-E09A01200973}.Debug|Any CPU.ActiveCfg = Debug|Any CPU
		{8E4D14D0-4764-4656-94FB-E09A01200973}.Debug|Any CPU.Build.0 = Debug|Any CPU
		{8E4D14D0-4764-4656-94FB-E09A01200973}.Release|Any CPU.ActiveCfg = Release|Any CPU
		{8E4D14D0-4764-4656-94FB-E09A01200973}.Release|Any CPU.Build.0 = Release|Any CPU
	EndGlobalSection
	GlobalSection(SolutionProperties) = preSolution
		HideSolutionNode = FALSE
	EndGlobalSection
	GlobalSection(ExtensibilityGlobals) = postSolution
		SolutionGuid = {CA09FC82-5121-4EEC-AD5F-BE3AC3073866}
	EndGlobalSection
EndGlobal
