
Microsoft Visual Studio Solution File, Format Version 12.00
# Visual Studio Version 17
VisualStudioVersion = 17.3.32929.385
MinimumVisualStudioVersion = 10.0.40219.1
Project("{9A19103F-16F7-4668-BE54-9A1E7A4F7556}") = "WinFormsApp_additionneur", "WinFormsApp_additionneur\WinFormsApp_additionneur.csproj", "{61393A92-627D-47CF-A3A9-1638026D7650}"
EndProject
Project("{2150E333-8FDC-42A3-9474-1A3956D46DE8}") = "1-Additionneur", "1-Additionneur", "{B2892CAF-91A7-4ABC-B587-E0823C252890}"
EndProject
Project("{9A19103F-16F7-4668-BE54-9A1E7A4F7556}") = "ClassLibrary_additionneur", "ClassLibrary_additionneur\ClassLibrary_additionneur.csproj", "{970BE8D4-59B6-4EE5-B082-79CEED102D69}"
EndProject
Project("{2150E333-8FDC-42A3-9474-1A3956D46DE8}") = "2-ControlesDeSaisie", "2-ControlesDeSaisie", "{74111768-7D06-498F-B1D0-CD6C6AE1E0FD}"
EndProject
Project("{9A19103F-16F7-4668-BE54-9A1E7A4F7556}") = "WinFormsAppControlesDeSaisie", "WinFormsAppControlesDeSaisie\WinFormsAppControlesDeSaisie.csproj", "{21F09CA4-BBAB-4E13-A4F3-BFADE6A37F88}"
EndProject
Project("{9A19103F-16F7-4668-BE54-9A1E7A4F7556}") = "ClassLibraryControlesDeSaisie", "ClassLibraryControlesDeSaisie\ClassLibraryControlesDeSaisie.csproj", "{F1DC6F5A-FFA7-4FD9-A92C-D35A6483F06E}"
EndProject
Project("{9A19103F-16F7-4668-BE54-9A1E7A4F7556}") = "ClassLibraryTransaction", "ClassLibraryTransaction\ClassLibraryTransaction.csproj", "{716F6E40-7BB4-4707-873D-FD8EDBC7C326}"
EndProject
Project("{2150E333-8FDC-42A3-9474-1A3956D46DE8}") = "3-CheckBoxEtRadioButton", "3-CheckBoxEtRadioButton", "{3A9D8296-09D4-42EA-AE6C-3A62C21BE55F}"
EndProject
Project("{9A19103F-16F7-4668-BE54-9A1E7A4F7556}") = "WinFormsAppCheckBoxEtRadioButton", "WinFormsAppCheckBoxEtRadioButton\WinFormsAppCheckBoxEtRadioButton.csproj", "{B74B4194-448B-4A17-B50F-896E7087CE05}"
EndProject
Project("{2150E333-8FDC-42A3-9474-1A3956D46DE8}") = "4-ListBox", "4-ListBox", "{4E4CFF91-753C-4761-8123-D2DC83F41428}"
EndProject
Project("{9A19103F-16F7-4668-BE54-9A1E7A4F7556}") = "WinFormsAppListBox", "WinFormsAppListBox\WinFormsAppListBox.csproj", "{2899D260-04E8-4601-A67C-F83B591E61B4}"
EndProject
Project("{9A19103F-16F7-4668-BE54-9A1E7A4F7556}") = "ClassLibrary4Verification", "ClassLibrary4Verification\ClassLibrary4Verification.csproj", "{A155044F-9295-459A-BB5D-DE5A08F00766}"
EndProject
Project("{2150E333-8FDC-42A3-9474-1A3956D46DE8}") = "5-ListBoxEtComboBox", "5-ListBoxEtComboBox", "{72E8E27B-EB22-429C-BF18-57CC6CC21837}"
EndProject
Project("{9A19103F-16F7-4668-BE54-9A1E7A4F7556}") = "WinFormsAppListBoxEtComboBox", "WinFormsAppListBoxEtComboBox\WinFormsAppListBoxEtComboBox.csproj", "{C4E7D702-A6AD-46BA-9807-D90B21B61DD8}"
EndProject
Project("{9A19103F-16F7-4668-BE54-9A1E7A4F7556}") = "ClassLibrary5Verification", "ClassLibrary5Verification\ClassLibrary5Verification.csproj", "{0640F534-0C75-4E90-BF9E-639DA0327401}"
EndProject
Project("{9A19103F-16F7-4668-BE54-9A1E7A4F7556}") = "ClassLibraryListeDeStringSelectionne", "ClassLibraryListeDeStringSelectionne\ClassLibraryListeDeStringSelectionne.csproj", "{A1528138-FDB0-494E-9B40-BA65CC343A79}"
EndProject
Project("{2150E333-8FDC-42A3-9474-1A3956D46DE8}") = "6-ComposantsDeDefilement", "6-ComposantsDeDefilement", "{F17C3B03-18AE-40B0-8A1A-F252FE60CD60}"
EndProject
Project("{9A19103F-16F7-4668-BE54-9A1E7A4F7556}") = "WinFormsAppComposantsDeDefilement", "WinFormsAppComposantsDeDefilement\WinFormsAppComposantsDeDefilement.csproj", "{23CA8328-C8C6-43AA-8F89-0A4AF57A4DDA}"
EndProject
Project("{2150E333-8FDC-42A3-9474-1A3956D46DE8}") = "7-Synthese", "7-Synthese", "{A07B8200-11D5-41C1-A0B8-56238975E097}"
EndProject
Project("{9A19103F-16F7-4668-BE54-9A1E7A4F7556}") = "ClassLibraryEmprunt", "ClassLibraryEmprunt\ClassLibraryEmprunt.csproj", "{7731A0B1-617A-4DB1-A5FB-70C78189479A}"
EndProject
Project("{9A19103F-16F7-4668-BE54-9A1E7A4F7556}") = "ConsoleAppSynthese", "ConsoleAppSynthese\ConsoleAppSynthese.csproj", "{7E80EE73-B1A5-4A83-9712-B18154304B20}"
EndProject
Project("{9A19103F-16F7-4668-BE54-9A1E7A4F7556}") = "WinFormsAppSynthese", "WinFormsAppSynthese\WinFormsAppSynthese.csproj", "{3F72E4E7-DB0D-4B93-AC07-0760D3EB47DB}"
EndProject
Project("{9A19103F-16F7-4668-BE54-9A1E7A4F7556}") = "ClassLibrary7Verification", "ClassLibrary7Verification\ClassLibrary7Verification.csproj", "{FA7DCC15-23F4-468D-B973-EC9BAA5DD6A4}"
EndProject
Project("{2150E333-8FDC-42A3-9474-1A3956D46DE8}") = "8-Phase4", "8-Phase4", "{197C5B77-86BB-4292-B1ED-5A720DE24F4E}"
EndProject
Project("{9A19103F-16F7-4668-BE54-9A1E7A4F7556}") = "WinFormsAppPhase4", "WinFormsAppPhase4\WinFormsAppPhase4.csproj", "{8B2FC6B4-B43F-410D-9333-EE34FB7E6DD3}"
EndProject
Project("{FAE04EC0-301F-11D3-BF4B-00C04F79EFBC}") = "ClassLibrary8Validation", "ClassLibrary8Validation\ClassLibrary8Validation.csproj", "{001A61CC-1751-40ED-956D-1C9D6D33066F}"
EndProject
Global
	GlobalSection(SolutionConfigurationPlatforms) = preSolution
		Debug|Any CPU = Debug|Any CPU
		Release|Any CPU = Release|Any CPU
	EndGlobalSection
	GlobalSection(ProjectConfigurationPlatforms) = postSolution
		{61393A92-627D-47CF-A3A9-1638026D7650}.Debug|Any CPU.ActiveCfg = Debug|Any CPU
		{61393A92-627D-47CF-A3A9-1638026D7650}.Debug|Any CPU.Build.0 = Debug|Any CPU
		{61393A92-627D-47CF-A3A9-1638026D7650}.Release|Any CPU.ActiveCfg = Release|Any CPU
		{61393A92-627D-47CF-A3A9-1638026D7650}.Release|Any CPU.Build.0 = Release|Any CPU
		{970BE8D4-59B6-4EE5-B082-79CEED102D69}.Debug|Any CPU.ActiveCfg = Debug|Any CPU
		{970BE8D4-59B6-4EE5-B082-79CEED102D69}.Debug|Any CPU.Build.0 = Debug|Any CPU
		{970BE8D4-59B6-4EE5-B082-79CEED102D69}.Release|Any CPU.ActiveCfg = Release|Any CPU
		{970BE8D4-59B6-4EE5-B082-79CEED102D69}.Release|Any CPU.Build.0 = Release|Any CPU
		{21F09CA4-BBAB-4E13-A4F3-BFADE6A37F88}.Debug|Any CPU.ActiveCfg = Debug|Any CPU
		{21F09CA4-BBAB-4E13-A4F3-BFADE6A37F88}.Debug|Any CPU.Build.0 = Debug|Any CPU
		{21F09CA4-BBAB-4E13-A4F3-BFADE6A37F88}.Release|Any CPU.ActiveCfg = Release|Any CPU
		{21F09CA4-BBAB-4E13-A4F3-BFADE6A37F88}.Release|Any CPU.Build.0 = Release|Any CPU
		{F1DC6F5A-FFA7-4FD9-A92C-D35A6483F06E}.Debug|Any CPU.ActiveCfg = Debug|Any CPU
		{F1DC6F5A-FFA7-4FD9-A92C-D35A6483F06E}.Debug|Any CPU.Build.0 = Debug|Any CPU
		{F1DC6F5A-FFA7-4FD9-A92C-D35A6483F06E}.Release|Any CPU.ActiveCfg = Release|Any CPU
		{F1DC6F5A-FFA7-4FD9-A92C-D35A6483F06E}.Release|Any CPU.Build.0 = Release|Any CPU
		{716F6E40-7BB4-4707-873D-FD8EDBC7C326}.Debug|Any CPU.ActiveCfg = Debug|Any CPU
		{716F6E40-7BB4-4707-873D-FD8EDBC7C326}.Debug|Any CPU.Build.0 = Debug|Any CPU
		{716F6E40-7BB4-4707-873D-FD8EDBC7C326}.Release|Any CPU.ActiveCfg = Release|Any CPU
		{716F6E40-7BB4-4707-873D-FD8EDBC7C326}.Release|Any CPU.Build.0 = Release|Any CPU
		{B74B4194-448B-4A17-B50F-896E7087CE05}.Debug|Any CPU.ActiveCfg = Debug|Any CPU
		{B74B4194-448B-4A17-B50F-896E7087CE05}.Debug|Any CPU.Build.0 = Debug|Any CPU
		{B74B4194-448B-4A17-B50F-896E7087CE05}.Release|Any CPU.ActiveCfg = Release|Any CPU
		{B74B4194-448B-4A17-B50F-896E7087CE05}.Release|Any CPU.Build.0 = Release|Any CPU
		{2899D260-04E8-4601-A67C-F83B591E61B4}.Debug|Any CPU.ActiveCfg = Debug|Any CPU
		{2899D260-04E8-4601-A67C-F83B591E61B4}.Debug|Any CPU.Build.0 = Debug|Any CPU
		{2899D260-04E8-4601-A67C-F83B591E61B4}.Release|Any CPU.ActiveCfg = Release|Any CPU
		{2899D260-04E8-4601-A67C-F83B591E61B4}.Release|Any CPU.Build.0 = Release|Any CPU
		{A155044F-9295-459A-BB5D-DE5A08F00766}.Debug|Any CPU.ActiveCfg = Debug|Any CPU
		{A155044F-9295-459A-BB5D-DE5A08F00766}.Debug|Any CPU.Build.0 = Debug|Any CPU
		{A155044F-9295-459A-BB5D-DE5A08F00766}.Release|Any CPU.ActiveCfg = Release|Any CPU
		{A155044F-9295-459A-BB5D-DE5A08F00766}.Release|Any CPU.Build.0 = Release|Any CPU
		{C4E7D702-A6AD-46BA-9807-D90B21B61DD8}.Debug|Any CPU.ActiveCfg = Debug|Any CPU
		{C4E7D702-A6AD-46BA-9807-D90B21B61DD8}.Debug|Any CPU.Build.0 = Debug|Any CPU
		{C4E7D702-A6AD-46BA-9807-D90B21B61DD8}.Release|Any CPU.ActiveCfg = Release|Any CPU
		{C4E7D702-A6AD-46BA-9807-D90B21B61DD8}.Release|Any CPU.Build.0 = Release|Any CPU
		{0640F534-0C75-4E90-BF9E-639DA0327401}.Debug|Any CPU.ActiveCfg = Debug|Any CPU
		{0640F534-0C75-4E90-BF9E-639DA0327401}.Debug|Any CPU.Build.0 = Debug|Any CPU
		{0640F534-0C75-4E90-BF9E-639DA0327401}.Release|Any CPU.ActiveCfg = Release|Any CPU
		{0640F534-0C75-4E90-BF9E-639DA0327401}.Release|Any CPU.Build.0 = Release|Any CPU
		{A1528138-FDB0-494E-9B40-BA65CC343A79}.Debug|Any CPU.ActiveCfg = Debug|Any CPU
		{A1528138-FDB0-494E-9B40-BA65CC343A79}.Debug|Any CPU.Build.0 = Debug|Any CPU
		{A1528138-FDB0-494E-9B40-BA65CC343A79}.Release|Any CPU.ActiveCfg = Release|Any CPU
		{A1528138-FDB0-494E-9B40-BA65CC343A79}.Release|Any CPU.Build.0 = Release|Any CPU
		{23CA8328-C8C6-43AA-8F89-0A4AF57A4DDA}.Debug|Any CPU.ActiveCfg = Debug|Any CPU
		{23CA8328-C8C6-43AA-8F89-0A4AF57A4DDA}.Debug|Any CPU.Build.0 = Debug|Any CPU
		{23CA8328-C8C6-43AA-8F89-0A4AF57A4DDA}.Release|Any CPU.ActiveCfg = Release|Any CPU
		{23CA8328-C8C6-43AA-8F89-0A4AF57A4DDA}.Release|Any CPU.Build.0 = Release|Any CPU
		{7731A0B1-617A-4DB1-A5FB-70C78189479A}.Debug|Any CPU.ActiveCfg = Debug|Any CPU
		{7731A0B1-617A-4DB1-A5FB-70C78189479A}.Debug|Any CPU.Build.0 = Debug|Any CPU
		{7731A0B1-617A-4DB1-A5FB-70C78189479A}.Release|Any CPU.ActiveCfg = Release|Any CPU
		{7731A0B1-617A-4DB1-A5FB-70C78189479A}.Release|Any CPU.Build.0 = Release|Any CPU
		{7E80EE73-B1A5-4A83-9712-B18154304B20}.Debug|Any CPU.ActiveCfg = Debug|Any CPU
		{7E80EE73-B1A5-4A83-9712-B18154304B20}.Debug|Any CPU.Build.0 = Debug|Any CPU
		{7E80EE73-B1A5-4A83-9712-B18154304B20}.Release|Any CPU.ActiveCfg = Release|Any CPU
		{7E80EE73-B1A5-4A83-9712-B18154304B20}.Release|Any CPU.Build.0 = Release|Any CPU
		{3F72E4E7-DB0D-4B93-AC07-0760D3EB47DB}.Debug|Any CPU.ActiveCfg = Debug|Any CPU
		{3F72E4E7-DB0D-4B93-AC07-0760D3EB47DB}.Debug|Any CPU.Build.0 = Debug|Any CPU
		{3F72E4E7-DB0D-4B93-AC07-0760D3EB47DB}.Release|Any CPU.ActiveCfg = Release|Any CPU
		{3F72E4E7-DB0D-4B93-AC07-0760D3EB47DB}.Release|Any CPU.Build.0 = Release|Any CPU
		{FA7DCC15-23F4-468D-B973-EC9BAA5DD6A4}.Debug|Any CPU.ActiveCfg = Debug|Any CPU
		{FA7DCC15-23F4-468D-B973-EC9BAA5DD6A4}.Debug|Any CPU.Build.0 = Debug|Any CPU
		{FA7DCC15-23F4-468D-B973-EC9BAA5DD6A4}.Release|Any CPU.ActiveCfg = Release|Any CPU
		{FA7DCC15-23F4-468D-B973-EC9BAA5DD6A4}.Release|Any CPU.Build.0 = Release|Any CPU
		{8B2FC6B4-B43F-410D-9333-EE34FB7E6DD3}.Debug|Any CPU.ActiveCfg = Debug|Any CPU
		{8B2FC6B4-B43F-410D-9333-EE34FB7E6DD3}.Debug|Any CPU.Build.0 = Debug|Any CPU
		{8B2FC6B4-B43F-410D-9333-EE34FB7E6DD3}.Release|Any CPU.ActiveCfg = Release|Any CPU
		{8B2FC6B4-B43F-410D-9333-EE34FB7E6DD3}.Release|Any CPU.Build.0 = Release|Any CPU
		{001A61CC-1751-40ED-956D-1C9D6D33066F}.Debug|Any CPU.ActiveCfg = Debug|Any CPU
		{001A61CC-1751-40ED-956D-1C9D6D33066F}.Debug|Any CPU.Build.0 = Debug|Any CPU
		{001A61CC-1751-40ED-956D-1C9D6D33066F}.Release|Any CPU.ActiveCfg = Release|Any CPU
		{001A61CC-1751-40ED-956D-1C9D6D33066F}.Release|Any CPU.Build.0 = Release|Any CPU
	EndGlobalSection
	GlobalSection(SolutionProperties) = preSolution
		HideSolutionNode = FALSE
	EndGlobalSection
	GlobalSection(NestedProjects) = preSolution
		{61393A92-627D-47CF-A3A9-1638026D7650} = {B2892CAF-91A7-4ABC-B587-E0823C252890}
		{970BE8D4-59B6-4EE5-B082-79CEED102D69} = {B2892CAF-91A7-4ABC-B587-E0823C252890}
		{21F09CA4-BBAB-4E13-A4F3-BFADE6A37F88} = {74111768-7D06-498F-B1D0-CD6C6AE1E0FD}
		{F1DC6F5A-FFA7-4FD9-A92C-D35A6483F06E} = {74111768-7D06-498F-B1D0-CD6C6AE1E0FD}
		{716F6E40-7BB4-4707-873D-FD8EDBC7C326} = {74111768-7D06-498F-B1D0-CD6C6AE1E0FD}
		{B74B4194-448B-4A17-B50F-896E7087CE05} = {3A9D8296-09D4-42EA-AE6C-3A62C21BE55F}
		{2899D260-04E8-4601-A67C-F83B591E61B4} = {4E4CFF91-753C-4761-8123-D2DC83F41428}
		{A155044F-9295-459A-BB5D-DE5A08F00766} = {4E4CFF91-753C-4761-8123-D2DC83F41428}
		{C4E7D702-A6AD-46BA-9807-D90B21B61DD8} = {72E8E27B-EB22-429C-BF18-57CC6CC21837}
		{0640F534-0C75-4E90-BF9E-639DA0327401} = {72E8E27B-EB22-429C-BF18-57CC6CC21837}
		{A1528138-FDB0-494E-9B40-BA65CC343A79} = {72E8E27B-EB22-429C-BF18-57CC6CC21837}
		{23CA8328-C8C6-43AA-8F89-0A4AF57A4DDA} = {F17C3B03-18AE-40B0-8A1A-F252FE60CD60}
		{7731A0B1-617A-4DB1-A5FB-70C78189479A} = {A07B8200-11D5-41C1-A0B8-56238975E097}
		{7E80EE73-B1A5-4A83-9712-B18154304B20} = {A07B8200-11D5-41C1-A0B8-56238975E097}
		{3F72E4E7-DB0D-4B93-AC07-0760D3EB47DB} = {A07B8200-11D5-41C1-A0B8-56238975E097}
		{FA7DCC15-23F4-468D-B973-EC9BAA5DD6A4} = {A07B8200-11D5-41C1-A0B8-56238975E097}
		{8B2FC6B4-B43F-410D-9333-EE34FB7E6DD3} = {197C5B77-86BB-4292-B1ED-5A720DE24F4E}
		{001A61CC-1751-40ED-956D-1C9D6D33066F} = {197C5B77-86BB-4292-B1ED-5A720DE24F4E}
	EndGlobalSection
	GlobalSection(ExtensibilityGlobals) = postSolution
		SolutionGuid = {A3B34072-B3D8-4854-907F-5DC251404A66}
	EndGlobalSection
EndGlobal
