
Microsoft Visual Studio Solution File, Format Version 12.00
# Visual Studio Version 17
VisualStudioVersion = 17.6.33829.357
MinimumVisualStudioVersion = 10.0.40219.1
Project("{FAE04EC0-301F-11D3-BF4B-00C04F79EFBC}") = "Bouteille", "Bouteille\Bouteille.csproj", "{07FEAA7E-3B59-465C-83D4-0285E2AE65B8}"
EndProject
Project("{FAE04EC0-301F-11D3-BF4B-00C04F79EFBC}") = "ConsoleAppBouteille", "ConsoleAppBouteille\ConsoleAppBouteille.csproj", "{0ACD5A61-5C38-479A-9FDE-13DF32F3FAFB}"
EndProject
Project("{FAE04EC0-301F-11D3-BF4B-00C04F79EFBC}") = "TestProjectBouteille", "TestProjectBouteille\TestProjectBouteille.csproj", "{3FDA7EC5-D025-4E17-83A6-DA2F3DCAA6B7}"
EndProject
Global
	GlobalSection(SolutionConfigurationPlatforms) = preSolution
		Debug|Any CPU = Debug|Any CPU
		Release|Any CPU = Release|Any CPU
	EndGlobalSection
	GlobalSection(ProjectConfigurationPlatforms) = postSolution
		{07FEAA7E-3B59-465C-83D4-0285E2AE65B8}.Debug|Any CPU.ActiveCfg = Debug|Any CPU
		{07FEAA7E-3B59-465C-83D4-0285E2AE65B8}.Debug|Any CPU.Build.0 = Debug|Any CPU
		{07FEAA7E-3B59-465C-83D4-0285E2AE65B8}.Release|Any CPU.ActiveCfg = Release|Any CPU
		{07FEAA7E-3B59-465C-83D4-0285E2AE65B8}.Release|Any CPU.Build.0 = Release|Any CPU
		{0ACD5A61-5C38-479A-9FDE-13DF32F3FAFB}.Debug|Any CPU.ActiveCfg = Debug|Any CPU
		{0ACD5A61-5C38-479A-9FDE-13DF32F3FAFB}.Debug|Any CPU.Build.0 = Debug|Any CPU
		{0ACD5A61-5C38-479A-9FDE-13DF32F3FAFB}.Release|Any CPU.ActiveCfg = Release|Any CPU
		{0ACD5A61-5C38-479A-9FDE-13DF32F3FAFB}.Release|Any CPU.Build.0 = Release|Any CPU
		{3FDA7EC5-D025-4E17-83A6-DA2F3DCAA6B7}.Debug|Any CPU.ActiveCfg = Debug|Any CPU
		{3FDA7EC5-D025-4E17-83A6-DA2F3DCAA6B7}.Debug|Any CPU.Build.0 = Debug|Any CPU
		{3FDA7EC5-D025-4E17-83A6-DA2F3DCAA6B7}.Release|Any CPU.ActiveCfg = Release|Any CPU
		{3FDA7EC5-D025-4E17-83A6-DA2F3DCAA6B7}.Release|Any CPU.Build.0 = Release|Any CPU
	EndGlobalSection
	GlobalSection(SolutionProperties) = preSolution
		HideSolutionNode = FALSE
	EndGlobalSection
	GlobalSection(ExtensibilityGlobals) = postSolution
		SolutionGuid = {DBF8E553-36AC-4190-B37D-BC059F7CDC63}
	EndGlobalSection
EndGlobal
